
Microsoft Visual Studio Solution File, Format Version 12.00
# Visual Studio Version 17
VisualStudioVersion = 17.12.35527.113 d17.12
MinimumVisualStudioVersion = 10.0.40219.1
Project("{D2ABAB84-BF74-430A-B69E-9DC6D40DDA17}") = "CUBO_RECLAMOS_12", "CUBO_RECLAMOS_12\CUBO_RECLAMOS_12.dwproj", "{C79E55D1-822C-4054-A004-673352A536CE}"
EndProject
Global
	GlobalSection(SolutionConfigurationPlatforms) = preSolution
		Development|Default = Development|Default
	EndGlobalSection
	GlobalSection(ProjectConfigurationPlatforms) = postSolution
		{C79E55D1-822C-4054-A004-673352A536CE}.Development|Default.ActiveCfg = Development
		{C79E55D1-822C-4054-A004-673352A536CE}.Development|Default.Build.0 = Development
		{C79E55D1-822C-4054-A004-673352A536CE}.Development|Default.Deploy.0 = Development
	EndGlobalSection
	GlobalSection(SolutionProperties) = preSolution
		HideSolutionNode = FALSE
	EndGlobalSection
EndGlobal
